
Microsoft Visual Studio Solution File, Format Version 12.00
# Visual Studio Version 17
VisualStudioVersion = 17.3.32922.545
MinimumVisualStudioVersion = 10.0.40219.1
Project("{FAE04EC0-301F-11D3-BF4B-00C04F79EFBC}") = "APITarefaIM", "APITarefaIM\APITarefaIM.csproj", "{1E909FEE-022C-4246-81CF-85FFE6F4530D}"
EndProject
Global
	GlobalSection(SolutionConfigurationPlatforms) = preSolution
		Debug|Any CPU = Debug|Any CPU
		Release|Any CPU = Release|Any CPU
	EndGlobalSection
	GlobalSection(ProjectConfigurationPlatforms) = postSolution
		{1E909FEE-022C-4246-81CF-85FFE6F4530D}.Debug|Any CPU.ActiveCfg = Debug|Any CPU
		{1E909FEE-022C-4246-81CF-85FFE6F4530D}.Debug|Any CPU.Build.0 = Debug|Any CPU
		{1E909FEE-022C-4246-81CF-85FFE6F4530D}.Release|Any CPU.ActiveCfg = Release|Any CPU
		{1E909FEE-022C-4246-81CF-85FFE6F4530D}.Release|Any CPU.Build.0 = Release|Any CPU
	EndGlobalSection
	GlobalSection(SolutionProperties) = preSolution
		HideSolutionNode = FALSE
	EndGlobalSection
	GlobalSection(ExtensibilityGlobals) = postSolution
		SolutionGuid = {93A9CF91-FB36-419F-8E6B-960D028BEFC6}
	EndGlobalSection
EndGlobal
